// !$*UTF8*$!
{
	archiveVersion = 1;
	classes = {
	};
	objectVersion = 50;
	objects = {

/* Begin PBXBuildFile section */
		4323AFAB75EDC253719C0048 /* Pods_communityLifeUITests.framework in Frameworks */ = {isa = PBXBuildFile; fileRef = B1B5A3272330929107E29B46 /* Pods_communityLifeUITests.framework */; };
		450E9BEE020A1587EAD3583F /* Pods_communityLifeTests.framework in Frameworks */ = {isa = PBXBuildFile; fileRef = DA55F30D97299C193846A0CF /* Pods_communityLifeTests.framework */; };
		84A1A60A73FFB5199FBA5EE4 /* Pods_communityLife.framework in Frameworks */ = {isa = PBXBuildFile; fileRef = 3C06BA2D9F0FBE119092F726 /* Pods_communityLife.framework */; };
		942145AC225B678900641D37 /* AppDelegate.swift in Sources */ = {isa = PBXBuildFile; fileRef = 942145AB225B678900641D37 /* AppDelegate.swift */; };
		942145B0225B678900641D37 /* MyEventsVC.swift in Sources */ = {isa = PBXBuildFile; fileRef = 942145AF225B678900641D37 /* MyEventsVC.swift */; };
		942145B3225B678900641D37 /* Main.storyboard in Resources */ = {isa = PBXBuildFile; fileRef = 942145B1225B678900641D37 /* Main.storyboard */; };
		942145B5225B678B00641D37 /* Assets.xcassets in Resources */ = {isa = PBXBuildFile; fileRef = 942145B4225B678B00641D37 /* Assets.xcassets */; };
		942145B8225B678B00641D37 /* LaunchScreen.storyboard in Resources */ = {isa = PBXBuildFile; fileRef = 942145B6225B678B00641D37 /* LaunchScreen.storyboard */; };
		942145C3225B678B00641D37 /* communityLifeTests.swift in Sources */ = {isa = PBXBuildFile; fileRef = 942145C2225B678B00641D37 /* communityLifeTests.swift */; };
		942145CE225B678B00641D37 /* communityLifeUITests.swift in Sources */ = {isa = PBXBuildFile; fileRef = 942145CD225B678B00641D37 /* communityLifeUITests.swift */; };
		942145DF225F93CB00641D37 /* launcherPageVC.swift in Sources */ = {isa = PBXBuildFile; fileRef = 942145DE225F93CB00641D37 /* launcherPageVC.swift */; };
		942145E12260690900641D37 /* Event.swift in Sources */ = {isa = PBXBuildFile; fileRef = 942145E02260690900641D37 /* Event.swift */; };
		942145E322606D1900641D37 /* Category.swift in Sources */ = {isa = PBXBuildFile; fileRef = 942145E222606D1900641D37 /* Category.swift */; };
		942145E52260709600641D37 /* SwiftGif.swift in Sources */ = {isa = PBXBuildFile; fileRef = 942145E42260709600641D37 /* SwiftGif.swift */; };
		942145E7226071C400641D37 /* AddCategoryVC.swift in Sources */ = {isa = PBXBuildFile; fileRef = 942145E6226071C400641D37 /* AddCategoryVC.swift */; };
		942145E92260720500641D37 /* EventVC.swift in Sources */ = {isa = PBXBuildFile; fileRef = 942145E82260720500641D37 /* EventVC.swift */; };
		942145EB226077FF00641D37 /* CategoryEventsVC.swift in Sources */ = {isa = PBXBuildFile; fileRef = 942145EA226077FF00641D37 /* CategoryEventsVC.swift */; };
		942145F12260978300641D37 /* MyEventsCellVC.swift in Sources */ = {isa = PBXBuildFile; fileRef = 942145F02260978300641D37 /* MyEventsCellVC.swift */; };
		942145F322609BC900641D37 /* MyEventsTableVC.swift in Sources */ = {isa = PBXBuildFile; fileRef = 942145F222609BC900641D37 /* MyEventsTableVC.swift */; };
		942145FB226551DD00641D37 /* NextEventCollectionViewCell.swift in Sources */ = {isa = PBXBuildFile; fileRef = 942145FA226551DD00641D37 /* NextEventCollectionViewCell.swift */; };
		942145FD226556DD00641D37 /* NextEventsViewController.swift in Sources */ = {isa = PBXBuildFile; fileRef = 942145FC226556DD00641D37 /* NextEventsViewController.swift */; };
		9443DDEA22734ECE0059B628 /* GoogleService-Info.plist in Resources */ = {isa = PBXBuildFile; fileRef = 9443DDE922734ECE0059B628 /* GoogleService-Info.plist */; };
		944C0D9C2266135F000C5C13 /* Colors.xcassets in Resources */ = {isa = PBXBuildFile; fileRef = 944C0D9B2266135F000C5C13 /* Colors.xcassets */; };
		944C0D9E226A4351000C5C13 /* MyActivityBackgroundView.swift in Sources */ = {isa = PBXBuildFile; fileRef = 944C0D9D226A4351000C5C13 /* MyActivityBackgroundView.swift */; };
		944C0DA0226DED87000C5C13 /* CategoryInfoViewController.swift in Sources */ = {isa = PBXBuildFile; fileRef = 944C0D9F226DED87000C5C13 /* CategoryInfoViewController.swift */; };
		944C0DA3226E0349000C5C13 /* source.gif in Resources */ = {isa = PBXBuildFile; fileRef = 944C0DA2226E0348000C5C13 /* source.gif */; };
/* End PBXBuildFile section */

/* Begin PBXContainerItemProxy section */
		942145BF225B678B00641D37 /* PBXContainerItemProxy */ = {
			isa = PBXContainerItemProxy;
			containerPortal = 942145A0225B678900641D37 /* Project object */;
			proxyType = 1;
			remoteGlobalIDString = 942145A7225B678900641D37;
			remoteInfo = communityLife;
		};
		942145CA225B678B00641D37 /* PBXContainerItemProxy */ = {
			isa = PBXContainerItemProxy;
			containerPortal = 942145A0225B678900641D37 /* Project object */;
			proxyType = 1;
			remoteGlobalIDString = 942145A7225B678900641D37;
			remoteInfo = communityLife;
		};
/* End PBXContainerItemProxy section */

/* Begin PBXFileReference section */
		0FE098782463DE2CBCC8477E /* Pods-communityLifeTests.debug.xcconfig */ = {isa = PBXFileReference; includeInIndex = 1; lastKnownFileType = text.xcconfig; name = "Pods-communityLifeTests.debug.xcconfig"; path = "Pods/Target Support Files/Pods-communityLifeTests/Pods-communityLifeTests.debug.xcconfig"; sourceTree = "<group>"; };
		2E3FE538C6E933BDA64577E6 /* Pods-communityLife.debug.xcconfig */ = {isa = PBXFileReference; includeInIndex = 1; lastKnownFileType = text.xcconfig; name = "Pods-communityLife.debug.xcconfig"; path = "Pods/Target Support Files/Pods-communityLife/Pods-communityLife.debug.xcconfig"; sourceTree = "<group>"; };
		3C06BA2D9F0FBE119092F726 /* Pods_communityLife.framework */ = {isa = PBXFileReference; explicitFileType = wrapper.framework; includeInIndex = 0; path = Pods_communityLife.framework; sourceTree = BUILT_PRODUCTS_DIR; };
		468CCC478F1B31D458A79E46 /* Pods-communityLifeTests.release.xcconfig */ = {isa = PBXFileReference; includeInIndex = 1; lastKnownFileType = text.xcconfig; name = "Pods-communityLifeTests.release.xcconfig"; path = "Pods/Target Support Files/Pods-communityLifeTests/Pods-communityLifeTests.release.xcconfig"; sourceTree = "<group>"; };
		611EF59C847EE5FAA1C2FCBE /* Pods-communityLifeUITests.debug.xcconfig */ = {isa = PBXFileReference; includeInIndex = 1; lastKnownFileType = text.xcconfig; name = "Pods-communityLifeUITests.debug.xcconfig"; path = "Pods/Target Support Files/Pods-communityLifeUITests/Pods-communityLifeUITests.debug.xcconfig"; sourceTree = "<group>"; };
		938E2EB5A9595FC80E089CD1 /* Pods-communityLife.release.xcconfig */ = {isa = PBXFileReference; includeInIndex = 1; lastKnownFileType = text.xcconfig; name = "Pods-communityLife.release.xcconfig"; path = "Pods/Target Support Files/Pods-communityLife/Pods-communityLife.release.xcconfig"; sourceTree = "<group>"; };
		942145A8225B678900641D37 /* communityLife.app */ = {isa = PBXFileReference; explicitFileType = wrapper.application; includeInIndex = 0; path = communityLife.app; sourceTree = BUILT_PRODUCTS_DIR; };
		942145AB225B678900641D37 /* AppDelegate.swift */ = {isa = PBXFileReference; lastKnownFileType = sourcecode.swift; path = AppDelegate.swift; sourceTree = "<group>"; };
		942145AF225B678900641D37 /* MyEventsVC.swift */ = {isa = PBXFileReference; lastKnownFileType = sourcecode.swift; path = MyEventsVC.swift; sourceTree = "<group>"; };
		942145B2225B678900641D37 /* Base */ = {isa = PBXFileReference; lastKnownFileType = file.storyboard; name = Base; path = Base.lproj/Main.storyboard; sourceTree = "<group>"; };
		942145B4225B678B00641D37 /* Assets.xcassets */ = {isa = PBXFileReference; lastKnownFileType = folder.assetcatalog; path = Assets.xcassets; sourceTree = "<group>"; };
		942145B7225B678B00641D37 /* Base */ = {isa = PBXFileReference; lastKnownFileType = file.storyboard; name = Base; path = Base.lproj/LaunchScreen.storyboard; sourceTree = "<group>"; };
		942145B9225B678B00641D37 /* Info.plist */ = {isa = PBXFileReference; lastKnownFileType = text.plist.xml; path = Info.plist; sourceTree = "<group>"; };
		942145BE225B678B00641D37 /* communityLifeTests.xctest */ = {isa = PBXFileReference; explicitFileType = wrapper.cfbundle; includeInIndex = 0; path = communityLifeTests.xctest; sourceTree = BUILT_PRODUCTS_DIR; };
		942145C2225B678B00641D37 /* communityLifeTests.swift */ = {isa = PBXFileReference; lastKnownFileType = sourcecode.swift; path = communityLifeTests.swift; sourceTree = "<group>"; };
		942145C4225B678B00641D37 /* Info.plist */ = {isa = PBXFileReference; lastKnownFileType = text.plist.xml; path = Info.plist; sourceTree = "<group>"; };
		942145C9225B678B00641D37 /* communityLifeUITests.xctest */ = {isa = PBXFileReference; explicitFileType = wrapper.cfbundle; includeInIndex = 0; path = communityLifeUITests.xctest; sourceTree = BUILT_PRODUCTS_DIR; };
		942145CD225B678B00641D37 /* communityLifeUITests.swift */ = {isa = PBXFileReference; lastKnownFileType = sourcecode.swift; path = communityLifeUITests.swift; sourceTree = "<group>"; };
		942145CF225B678B00641D37 /* Info.plist */ = {isa = PBXFileReference; lastKnownFileType = text.plist.xml; path = Info.plist; sourceTree = "<group>"; };
		942145DE225F93CB00641D37 /* launcherPageVC.swift */ = {isa = PBXFileReference; lastKnownFileType = sourcecode.swift; path = launcherPageVC.swift; sourceTree = "<group>"; };
		942145E02260690900641D37 /* Event.swift */ = {isa = PBXFileReference; lastKnownFileType = sourcecode.swift; path = Event.swift; sourceTree = "<group>"; };
		942145E222606D1900641D37 /* Category.swift */ = {isa = PBXFileReference; lastKnownFileType = sourcecode.swift; path = Category.swift; sourceTree = "<group>"; };
		942145E42260709600641D37 /* SwiftGif.swift */ = {isa = PBXFileReference; lastKnownFileType = sourcecode.swift; path = SwiftGif.swift; sourceTree = "<group>"; };
		942145E6226071C400641D37 /* AddCategoryVC.swift */ = {isa = PBXFileReference; lastKnownFileType = sourcecode.swift; path = AddCategoryVC.swift; sourceTree = "<group>"; };
		942145E82260720500641D37 /* EventVC.swift */ = {isa = PBXFileReference; lastKnownFileType = sourcecode.swift; path = EventVC.swift; sourceTree = "<group>"; };
		942145EA226077FF00641D37 /* CategoryEventsVC.swift */ = {isa = PBXFileReference; lastKnownFileType = sourcecode.swift; path = CategoryEventsVC.swift; sourceTree = "<group>"; };
		942145F02260978300641D37 /* MyEventsCellVC.swift */ = {isa = PBXFileReference; lastKnownFileType = sourcecode.swift; path = MyEventsCellVC.swift; sourceTree = "<group>"; };
		942145F222609BC900641D37 /* MyEventsTableVC.swift */ = {isa = PBXFileReference; lastKnownFileType = sourcecode.swift; path = MyEventsTableVC.swift; sourceTree = "<group>"; };
		942145FA226551DD00641D37 /* NextEventCollectionViewCell.swift */ = {isa = PBXFileReference; lastKnownFileType = sourcecode.swift; path = NextEventCollectionViewCell.swift; sourceTree = "<group>"; };
		942145FC226556DD00641D37 /* NextEventsViewController.swift */ = {isa = PBXFileReference; lastKnownFileType = sourcecode.swift; path = NextEventsViewController.swift; sourceTree = "<group>"; };
		9443DDE922734ECE0059B628 /* GoogleService-Info.plist */ = {isa = PBXFileReference; fileEncoding = 4; lastKnownFileType = text.plist.xml; path = "GoogleService-Info.plist"; sourceTree = "<group>"; };
		944C0D9B2266135F000C5C13 /* Colors.xcassets */ = {isa = PBXFileReference; lastKnownFileType = folder.assetcatalog; path = Colors.xcassets; sourceTree = "<group>"; };
		944C0D9D226A4351000C5C13 /* MyActivityBackgroundView.swift */ = {isa = PBXFileReference; lastKnownFileType = sourcecode.swift; path = MyActivityBackgroundView.swift; sourceTree = "<group>"; };
		944C0D9F226DED87000C5C13 /* CategoryInfoViewController.swift */ = {isa = PBXFileReference; lastKnownFileType = sourcecode.swift; path = CategoryInfoViewController.swift; sourceTree = "<group>"; };
		944C0DA2226E0348000C5C13 /* source.gif */ = {isa = PBXFileReference; lastKnownFileType = image.gif; name = source.gif; path = ../../../../Desktop/source.gif; sourceTree = "<group>"; };
		A3F5797436FD7E31D27569BE /* Pods-communityLifeUITests.release.xcconfig */ = {isa = PBXFileReference; includeInIndex = 1; lastKnownFileType = text.xcconfig; name = "Pods-communityLifeUITests.release.xcconfig"; path = "Pods/Target Support Files/Pods-communityLifeUITests/Pods-communityLifeUITests.release.xcconfig"; sourceTree = "<group>"; };
		B1B5A3272330929107E29B46 /* Pods_communityLifeUITests.framework */ = {isa = PBXFileReference; explicitFileType = wrapper.framework; includeInIndex = 0; path = Pods_communityLifeUITests.framework; sourceTree = BUILT_PRODUCTS_DIR; };
		DA55F30D97299C193846A0CF /* Pods_communityLifeTests.framework */ = {isa = PBXFileReference; explicitFileType = wrapper.framework; includeInIndex = 0; path = Pods_communityLifeTests.framework; sourceTree = BUILT_PRODUCTS_DIR; };
/* End PBXFileReference section */

/* Begin PBXFrameworksBuildPhase section */
		942145A5225B678900641D37 /* Frameworks */ = {
			isa = PBXFrameworksBuildPhase;
			buildActionMask = 2147483647;
			files = (
				84A1A60A73FFB5199FBA5EE4 /* Pods_communityLife.framework in Frameworks */,
			);
			runOnlyForDeploymentPostprocessing = 0;
		};
		942145BB225B678B00641D37 /* Frameworks */ = {
			isa = PBXFrameworksBuildPhase;
			buildActionMask = 2147483647;
			files = (
				450E9BEE020A1587EAD3583F /* Pods_communityLifeTests.framework in Frameworks */,
			);
			runOnlyForDeploymentPostprocessing = 0;
		};
		942145C6225B678B00641D37 /* Frameworks */ = {
			isa = PBXFrameworksBuildPhase;
			buildActionMask = 2147483647;
			files = (
				4323AFAB75EDC253719C0048 /* Pods_communityLifeUITests.framework in Frameworks */,
			);
			runOnlyForDeploymentPostprocessing = 0;
		};
/* End PBXFrameworksBuildPhase section */

/* Begin PBXGroup section */
		04C23299AE2674316A66C106 /* Frameworks */ = {
			isa = PBXGroup;
			children = (
				3C06BA2D9F0FBE119092F726 /* Pods_communityLife.framework */,
				DA55F30D97299C193846A0CF /* Pods_communityLifeTests.framework */,
				B1B5A3272330929107E29B46 /* Pods_communityLifeUITests.framework */,
			);
			name = Frameworks;
			sourceTree = "<group>";
		};
		311C3C0586D3B707173F234F /* Pods */ = {
			isa = PBXGroup;
			children = (
				2E3FE538C6E933BDA64577E6 /* Pods-communityLife.debug.xcconfig */,
				938E2EB5A9595FC80E089CD1 /* Pods-communityLife.release.xcconfig */,
				0FE098782463DE2CBCC8477E /* Pods-communityLifeTests.debug.xcconfig */,
				468CCC478F1B31D458A79E46 /* Pods-communityLifeTests.release.xcconfig */,
				611EF59C847EE5FAA1C2FCBE /* Pods-communityLifeUITests.debug.xcconfig */,
				A3F5797436FD7E31D27569BE /* Pods-communityLifeUITests.release.xcconfig */,
			);
			name = Pods;
			sourceTree = "<group>";
		};
		9421459F225B678900641D37 = {
			isa = PBXGroup;
			children = (
				942145AA225B678900641D37 /* communityLife */,
				942145C1225B678B00641D37 /* communityLifeTests */,
				942145CC225B678B00641D37 /* communityLifeUITests */,
				942145A9225B678900641D37 /* Products */,
				311C3C0586D3B707173F234F /* Pods */,
				04C23299AE2674316A66C106 /* Frameworks */,
			);
			sourceTree = "<group>";
		};
		942145A9225B678900641D37 /* Products */ = {
			isa = PBXGroup;
			children = (
				942145A8225B678900641D37 /* communityLife.app */,
				942145BE225B678B00641D37 /* communityLifeTests.xctest */,
				942145C9225B678B00641D37 /* communityLifeUITests.xctest */,
			);
			name = Products;
			sourceTree = "<group>";
		};
		942145AA225B678900641D37 /* communityLife */ = {
			isa = PBXGroup;
			children = (
				942145B1225B678900641D37 /* Main.storyboard */,
				942145DE225F93CB00641D37 /* launcherPageVC.swift */,
				942145AF225B678900641D37 /* MyEventsVC.swift */,
				942145FC226556DD00641D37 /* NextEventsViewController.swift */,
				942145FA226551DD00641D37 /* NextEventCollectionViewCell.swift */,
				944C0D9F226DED87000C5C13 /* CategoryInfoViewController.swift */,
				942145F222609BC900641D37 /* MyEventsTableVC.swift */,
				942145F02260978300641D37 /* MyEventsCellVC.swift */,
				942145E82260720500641D37 /* EventVC.swift */,
				944C0D9D226A4351000C5C13 /* MyActivityBackgroundView.swift */,
				942145EA226077FF00641D37 /* CategoryEventsVC.swift */,
				942145E6226071C400641D37 /* AddCategoryVC.swift */,
				942145E42260709600641D37 /* SwiftGif.swift */,
				942145E02260690900641D37 /* Event.swift */,
				944C0DA2226E0348000C5C13 /* source.gif */,
				942145B4225B678B00641D37 /* Assets.xcassets */,
				944C0D9B2266135F000C5C13 /* Colors.xcassets */,
				942145E222606D1900641D37 /* Category.swift */,
				942145B6225B678B00641D37 /* LaunchScreen.storyboard */,
				942145AB225B678900641D37 /* AppDelegate.swift */,
				9443DDE922734ECE0059B628 /* GoogleService-Info.plist */,
				942145B9225B678B00641D37 /* Info.plist */,
			);
			path = communityLife;
			sourceTree = "<group>";
		};
		942145C1225B678B00641D37 /* communityLifeTests */ = {
			isa = PBXGroup;
			children = (
				942145C2225B678B00641D37 /* communityLifeTests.swift */,
				942145C4225B678B00641D37 /* Info.plist */,
			);
			path = communityLifeTests;
			sourceTree = "<group>";
		};
		942145CC225B678B00641D37 /* communityLifeUITests */ = {
			isa = PBXGroup;
			children = (
				942145CD225B678B00641D37 /* communityLifeUITests.swift */,
				942145CF225B678B00641D37 /* Info.plist */,
			);
			path = communityLifeUITests;
			sourceTree = "<group>";
		};
/* End PBXGroup section */

/* Begin PBXNativeTarget section */
		942145A7225B678900641D37 /* communityLife */ = {
			isa = PBXNativeTarget;
			buildConfigurationList = 942145D2225B678B00641D37 /* Build configuration list for PBXNativeTarget "communityLife" */;
			buildPhases = (
				F8E743F3247CA8BA79C5C146 /* [CP] Check Pods Manifest.lock */,
				942145A4225B678900641D37 /* Sources */,
				942145A5225B678900641D37 /* Frameworks */,
				942145A6225B678900641D37 /* Resources */,
				2F176C0F28A49F6684DCBAC3 /* [CP] Embed Pods Frameworks */,
			);
			buildRules = (
			);
			dependencies = (
			);
			name = communityLife;
			productName = communityLife;
			productReference = 942145A8225B678900641D37 /* communityLife.app */;
			productType = "com.apple.product-type.application";
		};
		942145BD225B678B00641D37 /* communityLifeTests */ = {
			isa = PBXNativeTarget;
			buildConfigurationList = 942145D5225B678B00641D37 /* Build configuration list for PBXNativeTarget "communityLifeTests" */;
			buildPhases = (
				8C0E9B99025E3B70DB97FD68 /* [CP] Check Pods Manifest.lock */,
				942145BA225B678B00641D37 /* Sources */,
				942145BB225B678B00641D37 /* Frameworks */,
				942145BC225B678B00641D37 /* Resources */,
			);
			buildRules = (
			);
			dependencies = (
				942145C0225B678B00641D37 /* PBXTargetDependency */,
			);
			name = communityLifeTests;
			productName = communityLifeTests;
			productReference = 942145BE225B678B00641D37 /* communityLifeTests.xctest */;
			productType = "com.apple.product-type.bundle.unit-test";
		};
		942145C8225B678B00641D37 /* communityLifeUITests */ = {
			isa = PBXNativeTarget;
			buildConfigurationList = 942145D8225B678B00641D37 /* Build configuration list for PBXNativeTarget "communityLifeUITests" */;
			buildPhases = (
				62E30DEF523D1DD824D10D7B /* [CP] Check Pods Manifest.lock */,
				942145C5225B678B00641D37 /* Sources */,
				942145C6225B678B00641D37 /* Frameworks */,
				942145C7225B678B00641D37 /* Resources */,
			);
			buildRules = (
			);
			dependencies = (
				942145CB225B678B00641D37 /* PBXTargetDependency */,
			);
			name = communityLifeUITests;
			productName = communityLifeUITests;
			productReference = 942145C9225B678B00641D37 /* communityLifeUITests.xctest */;
			productType = "com.apple.product-type.bundle.ui-testing";
		};
/* End PBXNativeTarget section */

/* Begin PBXProject section */
		942145A0225B678900641D37 /* Project object */ = {
			isa = PBXProject;
			attributes = {
				LastSwiftUpdateCheck = 1010;
				LastUpgradeCheck = 1010;
				ORGANIZATIONNAME = "Stephen Alger";
				TargetAttributes = {
					942145A7225B678900641D37 = {
						CreatedOnToolsVersion = 10.1;
					};
					942145BD225B678B00641D37 = {
						CreatedOnToolsVersion = 10.1;
						TestTargetID = 942145A7225B678900641D37;
					};
					942145C8225B678B00641D37 = {
						CreatedOnToolsVersion = 10.1;
						TestTargetID = 942145A7225B678900641D37;
					};
				};
			};
			buildConfigurationList = 942145A3225B678900641D37 /* Build configuration list for PBXProject "communityLife" */;
			compatibilityVersion = "Xcode 9.3";
			developmentRegion = en;
			hasScannedForEncodings = 0;
			knownRegions = (
				en,
				Base,
			);
			mainGroup = 9421459F225B678900641D37;
			productRefGroup = 942145A9225B678900641D37 /* Products */;
			projectDirPath = "";
			projectRoot = "";
			targets = (
				942145A7225B678900641D37 /* communityLife */,
				942145BD225B678B00641D37 /* communityLifeTests */,
				942145C8225B678B00641D37 /* communityLifeUITests */,
			);
		};
/* End PBXProject section */

/* Begin PBXResourcesBuildPhase section */
		942145A6225B678900641D37 /* Resources */ = {
			isa = PBXResourcesBuildPhase;
			buildActionMask = 2147483647;
			files = (
				944C0DA3226E0349000C5C13 /* source.gif in Resources */,
				944C0D9C2266135F000C5C13 /* Colors.xcassets in Resources */,
				942145B8225B678B00641D37 /* LaunchScreen.storyboard in Resources */,
				942145B5225B678B00641D37 /* Assets.xcassets in Resources */,
				942145B3225B678900641D37 /* Main.storyboard in Resources */,
				9443DDEA22734ECE0059B628 /* GoogleService-Info.plist in Resources */,
			);
			runOnlyForDeploymentPostprocessing = 0;
		};
		942145BC225B678B00641D37 /* Resources */ = {
			isa = PBXResourcesBuildPhase;
			buildActionMask = 2147483647;
			files = (
			);
			runOnlyForDeploymentPostprocessing = 0;
		};
		942145C7225B678B00641D37 /* Resources */ = {
			isa = PBXResourcesBuildPhase;
			buildActionMask = 2147483647;
			files = (
			);
			runOnlyForDeploymentPostprocessing = 0;
		};
/* End PBXResourcesBuildPhase section */

/* Begin PBXShellScriptBuildPhase section */
		2F176C0F28A49F6684DCBAC3 /* [CP] Embed Pods Frameworks */ = {
			isa = PBXShellScriptBuildPhase;
			buildActionMask = 2147483647;
			files = (
			);
			inputPaths = (
				"${SRCROOT}/Pods/Target Support Files/Pods-communityLife/Pods-communityLife-frameworks.sh",
				"${BUILT_PRODUCTS_DIR}/GTMSessionFetcher/GTMSessionFetcher.framework",
				"${BUILT_PRODUCTS_DIR}/GoogleToolboxForMac/GoogleToolboxForMac.framework",
				"${BUILT_PRODUCTS_DIR}/leveldb-library/leveldb.framework",
				"${BUILT_PRODUCTS_DIR}/nanopb/nanopb.framework",
			);
			name = "[CP] Embed Pods Frameworks";
			outputPaths = (
				"${TARGET_BUILD_DIR}/${FRAMEWORKS_FOLDER_PATH}/GTMSessionFetcher.framework",
				"${TARGET_BUILD_DIR}/${FRAMEWORKS_FOLDER_PATH}/GoogleToolboxForMac.framework",
				"${TARGET_BUILD_DIR}/${FRAMEWORKS_FOLDER_PATH}/leveldb.framework",
				"${TARGET_BUILD_DIR}/${FRAMEWORKS_FOLDER_PATH}/nanopb.framework",
			);
			runOnlyForDeploymentPostprocessing = 0;
			shellPath = /bin/sh;
			shellScript = "\"${SRCROOT}/Pods/Target Support Files/Pods-communityLife/Pods-communityLife-frameworks.sh\"\n";
			showEnvVarsInLog = 0;
		};
		62E30DEF523D1DD824D10D7B /* [CP] Check Pods Manifest.lock */ = {
			isa = PBXShellScriptBuildPhase;
			buildActionMask = 2147483647;
			files = (
			);
			inputPaths = (
				"${PODS_PODFILE_DIR_PATH}/Podfile.lock",
				"${PODS_ROOT}/Manifest.lock",
			);
			name = "[CP] Check Pods Manifest.lock";
			outputPaths = (
				"$(DERIVED_FILE_DIR)/Pods-communityLifeUITests-checkManifestLockResult.txt",
			);
			runOnlyForDeploymentPostprocessing = 0;
			shellPath = /bin/sh;
			shellScript = "diff \"${PODS_PODFILE_DIR_PATH}/Podfile.lock\" \"${PODS_ROOT}/Manifest.lock\" > /dev/null\nif [ $? != 0 ] ; then\n    # print error to STDERR\n    echo \"error: The sandbox is not in sync with the Podfile.lock. Run 'pod install' or update your CocoaPods installation.\" >&2\n    exit 1\nfi\n# This output is used by Xcode 'outputs' to avoid re-running this script phase.\necho \"SUCCESS\" > \"${SCRIPT_OUTPUT_FILE_0}\"\n";
			showEnvVarsInLog = 0;
		};
		8C0E9B99025E3B70DB97FD68 /* [CP] Check Pods Manifest.lock */ = {
			isa = PBXShellScriptBuildPhase;
			buildActionMask = 2147483647;
			files = (
			);
			inputPaths = (
				"${PODS_PODFILE_DIR_PATH}/Podfile.lock",
				"${PODS_ROOT}/Manifest.lock",
			);
			name = "[CP] Check Pods Manifest.lock";
			outputPaths = (
				"$(DERIVED_FILE_DIR)/Pods-communityLifeTests-checkManifestLockResult.txt",
			);
			runOnlyForDeploymentPostprocessing = 0;
			shellPath = /bin/sh;
			shellScript = "diff \"${PODS_PODFILE_DIR_PATH}/Podfile.lock\" \"${PODS_ROOT}/Manifest.lock\" > /dev/null\nif [ $? != 0 ] ; then\n    # print error to STDERR\n    echo \"error: The sandbox is not in sync with the Podfile.lock. Run 'pod install' or update your CocoaPods installation.\" >&2\n    exit 1\nfi\n# This output is used by Xcode 'outputs' to avoid re-running this script phase.\necho \"SUCCESS\" > \"${SCRIPT_OUTPUT_FILE_0}\"\n";
			showEnvVarsInLog = 0;
		};
		F8E743F3247CA8BA79C5C146 /* [CP] Check Pods Manifest.lock */ = {
			isa = PBXShellScriptBuildPhase;
			buildActionMask = 2147483647;
			files = (
			);
			inputPaths = (
				"${PODS_PODFILE_DIR_PATH}/Podfile.lock",
				"${PODS_ROOT}/Manifest.lock",
			);
			name = "[CP] Check Pods Manifest.lock";
			outputPaths = (
				"$(DERIVED_FILE_DIR)/Pods-communityLife-checkManifestLockResult.txt",
			);
			runOnlyForDeploymentPostprocessing = 0;
			shellPath = /bin/sh;
			shellScript = "diff \"${PODS_PODFILE_DIR_PATH}/Podfile.lock\" \"${PODS_ROOT}/Manifest.lock\" > /dev/null\nif [ $? != 0 ] ; then\n    # print error to STDERR\n    echo \"error: The sandbox is not in sync with the Podfile.lock. Run 'pod install' or update your CocoaPods installation.\" >&2\n    exit 1\nfi\n# This output is used by Xcode 'outputs' to avoid re-running this script phase.\necho \"SUCCESS\" > \"${SCRIPT_OUTPUT_FILE_0}\"\n";
			showEnvVarsInLog = 0;
		};
/* End PBXShellScriptBuildPhase section */

/* Begin PBXSourcesBuildPhase section */
		942145A4225B678900641D37 /* Sources */ = {
			isa = PBXSourcesBuildPhase;
			buildActionMask = 2147483647;
			files = (
				942145FB226551DD00641D37 /* NextEventCollectionViewCell.swift in Sources */,
				942145E92260720500641D37 /* EventVC.swift in Sources */,
				942145FD226556DD00641D37 /* NextEventsViewController.swift in Sources */,
				942145B0225B678900641D37 /* MyEventsVC.swift in Sources */,
				942145E52260709600641D37 /* SwiftGif.swift in Sources */,
				942145F322609BC900641D37 /* MyEventsTableVC.swift in Sources */,
				942145AC225B678900641D37 /* AppDelegate.swift in Sources */,
				944C0D9E226A4351000C5C13 /* MyActivityBackgroundView.swift in Sources */,
				942145EB226077FF00641D37 /* CategoryEventsVC.swift in Sources */,
				942145DF225F93CB00641D37 /* launcherPageVC.swift in Sources */,
				942145E12260690900641D37 /* Event.swift in Sources */,
				942145E7226071C400641D37 /* AddCategoryVC.swift in Sources */,
				944C0DA0226DED87000C5C13 /* CategoryInfoViewController.swift in Sources */,
				942145E322606D1900641D37 /* Category.swift in Sources */,
				942145F12260978300641D37 /* MyEventsCellVC.swift in Sources */,
			);
			runOnlyForDeploymentPostprocessing = 0;
		};
		942145BA225B678B00641D37 /* Sources */ = {
			isa = PBXSourcesBuildPhase;
			buildActionMask = 2147483647;
			files = (
				942145C3225B678B00641D37 /* communityLifeTests.swift in Sources */,
			);
			runOnlyForDeploymentPostprocessing = 0;
		};
		942145C5225B678B00641D37 /* Sources */ = {
			isa = PBXSourcesBuildPhase;
			buildActionMask = 2147483647;
			files = (
				942145CE225B678B00641D37 /* communityLifeUITests.swift in Sources */,
			);
			runOnlyForDeploymentPostprocessing = 0;
		};
/* End PBXSourcesBuildPhase section */

/* Begin PBXTargetDependency section */
		942145C0225B678B00641D37 /* PBXTargetDependency */ = {
			isa = PBXTargetDependency;
			target = 942145A7225B678900641D37 /* communityLife */;
			targetProxy = 942145BF225B678B00641D37 /* PBXContainerItemProxy */;
		};
		942145CB225B678B00641D37 /* PBXTargetDependency */ = {
			isa = PBXTargetDependency;
			target = 942145A7225B678900641D37 /* communityLife */;
			targetProxy = 942145CA225B678B00641D37 /* PBXContainerItemProxy */;
		};
/* End PBXTargetDependency section */

/* Begin PBXVariantGroup section */
		942145B1225B678900641D37 /* Main.storyboard */ = {
			isa = PBXVariantGroup;
			children = (
				942145B2225B678900641D37 /* Base */,
			);
			name = Main.storyboard;
			sourceTree = "<group>";
		};
		942145B6225B678B00641D37 /* LaunchScreen.storyboard */ = {
			isa = PBXVariantGroup;
			children = (
				942145B7225B678B00641D37 /* Base */,
			);
			name = LaunchScreen.storyboard;
			sourceTree = "<group>";
		};
/* End PBXVariantGroup section */

/* Begin XCBuildConfiguration section */
		942145D0225B678B00641D37 /* Debug */ = {
			isa = XCBuildConfiguration;
			buildSettings = {
				ALWAYS_SEARCH_USER_PATHS = NO;
				CLANG_ANALYZER_NONNULL = YES;
				CLANG_ANALYZER_NUMBER_OBJECT_CONVERSION = YES_AGGRESSIVE;
				CLANG_CXX_LANGUAGE_STANDARD = "gnu++14";
				CLANG_CXX_LIBRARY = "libc++";
				CLANG_ENABLE_MODULES = YES;
				CLANG_ENABLE_OBJC_ARC = YES;
				CLANG_ENABLE_OBJC_WEAK = YES;
				CLANG_WARN_BLOCK_CAPTURE_AUTORELEASING = YES;
				CLANG_WARN_BOOL_CONVERSION = YES;
				CLANG_WARN_COMMA = YES;
				CLANG_WARN_CONSTANT_CONVERSION = YES;
				CLANG_WARN_DEPRECATED_OBJC_IMPLEMENTATIONS = YES;
				CLANG_WARN_DIRECT_OBJC_ISA_USAGE = YES_ERROR;
				CLANG_WARN_DOCUMENTATION_COMMENTS = YES;
				CLANG_WARN_EMPTY_BODY = YES;
				CLANG_WARN_ENUM_CONVERSION = YES;
				CLANG_WARN_INFINITE_RECURSION = YES;
				CLANG_WARN_INT_CONVERSION = YES;
				CLANG_WARN_NON_LITERAL_NULL_CONVERSION = YES;
				CLANG_WARN_OBJC_IMPLICIT_RETAIN_SELF = YES;
				CLANG_WARN_OBJC_LITERAL_CONVERSION = YES;
				CLANG_WARN_OBJC_ROOT_CLASS = YES_ERROR;
				CLANG_WARN_RANGE_LOOP_ANALYSIS = YES;
				CLANG_WARN_STRICT_PROTOTYPES = YES;
				CLANG_WARN_SUSPICIOUS_MOVE = YES;
				CLANG_WARN_UNGUARDED_AVAILABILITY = YES_AGGRESSIVE;
				CLANG_WARN_UNREACHABLE_CODE = YES;
				CLANG_WARN__DUPLICATE_METHOD_MATCH = YES;
				CODE_SIGN_IDENTITY = "iPhone Developer";
				COPY_PHASE_STRIP = NO;
				DEBUG_INFORMATION_FORMAT = dwarf;
				ENABLE_STRICT_OBJC_MSGSEND = YES;
				ENABLE_TESTABILITY = YES;
				GCC_C_LANGUAGE_STANDARD = gnu11;
				GCC_DYNAMIC_NO_PIC = NO;
				GCC_NO_COMMON_BLOCKS = YES;
				GCC_OPTIMIZATION_LEVEL = 0;
				GCC_PREPROCESSOR_DEFINITIONS = (
					"DEBUG=1",
					"$(inherited)",
				);
				GCC_WARN_64_TO_32_BIT_CONVERSION = YES;
				GCC_WARN_ABOUT_RETURN_TYPE = YES_ERROR;
				GCC_WARN_UNDECLARED_SELECTOR = YES;
				GCC_WARN_UNINITIALIZED_AUTOS = YES_AGGRESSIVE;
				GCC_WARN_UNUSED_FUNCTION = YES;
				GCC_WARN_UNUSED_VARIABLE = YES;
				IPHONEOS_DEPLOYMENT_TARGET = 12.1;
				MTL_ENABLE_DEBUG_INFO = INCLUDE_SOURCE;
				MTL_FAST_MATH = YES;
				ONLY_ACTIVE_ARCH = YES;
				SDKROOT = iphoneos;
				SWIFT_ACTIVE_COMPILATION_CONDITIONS = DEBUG;
				SWIFT_OPTIMIZATION_LEVEL = "-Onone";
			};
			name = Debug;
		};
		942145D1225B678B00641D37 /* Release */ = {
			isa = XCBuildConfiguration;
			buildSettings = {
				ALWAYS_SEARCH_USER_PATHS = NO;
				CLANG_ANALYZER_NONNULL = YES;
				CLANG_ANALYZER_NUMBER_OBJECT_CONVERSION = YES_AGGRESSIVE;
				CLANG_CXX_LANGUAGE_STANDARD = "gnu++14";
				CLANG_CXX_LIBRARY = "libc++";
				CLANG_ENABLE_MODULES = YES;
				CLANG_ENABLE_OBJC_ARC = YES;
				CLANG_ENABLE_OBJC_WEAK = YES;
				CLANG_WARN_BLOCK_CAPTURE_AUTORELEASING = YES;
				CLANG_WARN_BOOL_CONVERSION = YES;
				CLANG_WARN_COMMA = YES;
				CLANG_WARN_CONSTANT_CONVERSION = YES;
				CLANG_WARN_DEPRECATED_OBJC_IMPLEMENTATIONS = YES;
				CLANG_WARN_DIRECT_OBJC_ISA_USAGE = YES_ERROR;
				CLANG_WARN_DOCUMENTATION_COMMENTS = YES;
				CLANG_WARN_EMPTY_BODY = YES;
				CLANG_WARN_ENUM_CONVERSION = YES;
				CLANG_WARN_INFINITE_RECURSION = YES;
				CLANG_WARN_INT_CONVERSION = YES;
				CLANG_WARN_NON_LITERAL_NULL_CONVERSION = YES;
				CLANG_WARN_OBJC_IMPLICIT_RETAIN_SELF = YES;
				CLANG_WARN_OBJC_LITERAL_CONVERSION = YES;
				CLANG_WARN_OBJC_ROOT_CLASS = YES_ERROR;
				CLANG_WARN_RANGE_LOOP_ANALYSIS = YES;
				CLANG_WARN_STRICT_PROTOTYPES = YES;
				CLANG_WARN_SUSPICIOUS_MOVE = YES;
				CLANG_WARN_UNGUARDED_AVAILABILITY = YES_AGGRESSIVE;
				CLANG_WARN_UNREACHABLE_CODE = YES;
				CLANG_WARN__DUPLICATE_METHOD_MATCH = YES;
				CODE_SIGN_IDENTITY = "iPhone Developer";
				COPY_PHASE_STRIP = NO;
				DEBUG_INFORMATION_FORMAT = "dwarf-with-dsym";
				ENABLE_NS_ASSERTIONS = NO;
				ENABLE_STRICT_OBJC_MSGSEND = YES;
				GCC_C_LANGUAGE_STANDARD = gnu11;
				GCC_NO_COMMON_BLOCKS = YES;
				GCC_WARN_64_TO_32_BIT_CONVERSION = YES;
				GCC_WARN_ABOUT_RETURN_TYPE = YES_ERROR;
				GCC_WARN_UNDECLARED_SELECTOR = YES;
				GCC_WARN_UNINITIALIZED_AUTOS = YES_AGGRESSIVE;
				GCC_WARN_UNUSED_FUNCTION = YES;
				GCC_WARN_UNUSED_VARIABLE = YES;
				IPHONEOS_DEPLOYMENT_TARGET = 12.1;
				MTL_ENABLE_DEBUG_INFO = NO;
				MTL_FAST_MATH = YES;
				SDKROOT = iphoneos;
				SWIFT_COMPILATION_MODE = wholemodule;
				SWIFT_OPTIMIZATION_LEVEL = "-O";
				VALIDATE_PRODUCT = YES;
			};
			name = Release;
		};
		942145D3225B678B00641D37 /* Debug */ = {
			isa = XCBuildConfiguration;
			baseConfigurationReference = 2E3FE538C6E933BDA64577E6 /* Pods-communityLife.debug.xcconfig */;
			buildSettings = {
				ASSETCATALOG_COMPILER_APPICON_NAME = AppIcon;
				CODE_SIGN_STYLE = Automatic;
				DEVELOPMENT_TEAM = 64G55X8M4T;
				INFOPLIST_FILE = communityLife/Info.plist;
				LD_RUNPATH_SEARCH_PATHS = "$(inherited) @executable_path/Frameworks";
				PRODUCT_BUNDLE_IDENTIFIER = com.InteractiveArts.communityLife;
				PRODUCT_NAME = "$(TARGET_NAME)";
				SWIFT_VERSION = 4.2;
				TARGETED_DEVICE_FAMILY = "1,2";
			};
			name = Debug;
		};
		942145D4225B678B00641D37 /* Release */ = {
			isa = XCBuildConfiguration;
			baseConfigurationReference = 938E2EB5A9595FC80E089CD1 /* Pods-communityLife.release.xcconfig */;
			buildSettings = {
				ASSETCATALOG_COMPILER_APPICON_NAME = AppIcon;
				CODE_SIGN_STYLE = Automatic;
				DEVELOPMENT_TEAM = 64G55X8M4T;
				INFOPLIST_FILE = communityLife/Info.plist;
				LD_RUNPATH_SEARCH_PATHS = "$(inherited) @executable_path/Frameworks";
				PRODUCT_BUNDLE_IDENTIFIER = com.InteractiveArts.communityLife;
				PRODUCT_NAME = "$(TARGET_NAME)";
				SWIFT_VERSION = 4.2;
				TARGETED_DEVICE_FAMILY = "1,2";
			};
			name = Release;
		};
		942145D6225B678B00641D37 /* Debug */ = {
			isa = XCBuildConfiguration;
			baseConfigurationReference = 0FE098782463DE2CBCC8477E /* Pods-communityLifeTests.debug.xcconfig */;
			buildSettings = {
				ALWAYS_EMBED_SWIFT_STANDARD_LIBRARIES = YES;
				BUNDLE_LOADER = "$(TEST_HOST)";
				CODE_SIGN_STYLE = Automatic;
				DEVELOPMENT_TEAM = 64G55X8M4T;
				INFOPLIST_FILE = communityLifeTests/Info.plist;
				LD_RUNPATH_SEARCH_PATHS = "$(inherited) @executable_path/Frameworks @loader_path/Frameworks";
				PRODUCT_BUNDLE_IDENTIFIER = com.InteractiveArts.communityLifeTests;
				PRODUCT_NAME = "$(TARGET_NAME)";
				SWIFT_VERSION = 4.2;
				TARGETED_DEVICE_FAMILY = "1,2";
				TEST_HOST = "$(BUILT_PRODUCTS_DIR)/communityLife.app/communityLife";
			};
			name = Debug;
		};
		942145D7225B678B00641D37 /* Release */ = {
			isa = XCBuildConfiguration;
			baseConfigurationReference = 468CCC478F1B31D458A79E46 /* Pods-communityLifeTests.release.xcconfig */;
			buildSettings = {
				ALWAYS_EMBED_SWIFT_STANDARD_LIBRARIES = YES;
				BUNDLE_LOADER = "$(TEST_HOST)";
				CODE_SIGN_STYLE = Automatic;
				DEVELOPMENT_TEAM = 64G55X8M4T;
				INFOPLIST_FILE = communityLifeTests/Info.plist;
				LD_RUNPATH_SEARCH_PATHS = "$(inherited) @executable_path/Frameworks @loader_path/Frameworks";
				PRODUCT_BUNDLE_IDENTIFIER = com.InteractiveArts.communityLifeTests;
				PRODUCT_NAME = "$(TARGET_NAME)";
				SWIFT_VERSION = 4.2;
				TARGETED_DEVICE_FAMILY = "1,2";
				TEST_HOST = "$(BUILT_PRODUCTS_DIR)/communityLife.app/communityLife";
			};
			name = Release;
		};
		942145D9225B678B00641D37 /* Debug */ = {
			isa = XCBuildConfiguration;
			baseConfigurationReference = 611EF59C847EE5FAA1C2FCBE /* Pods-communityLifeUITests.debug.xcconfig */;
			buildSettings = {
				ALWAYS_EMBED_SWIFT_STANDARD_LIBRARIES = YES;
				CODE_SIGN_STYLE = Automatic;
				DEVELOPMENT_TEAM = 64G55X8M4T;
				INFOPLIST_FILE = communityLifeUITests/Info.plist;
				LD_RUNPATH_SEARCH_PATHS = "$(inherited) @executable_path/Frameworks @loader_path/Frameworks";
				PRODUCT_BUNDLE_IDENTIFIER = com.InteractiveArts.communityLifeUITests;
				PRODUCT_NAME = "$(TARGET_NAME)";
				SWIFT_VERSION = 4.2;
				TARGETED_DEVICE_FAMILY = "1,2";
				TEST_TARGET_NAME = communityLife;
			};
			name = Debug;
		};
		942145DA225B678B00641D37 /* Release */ = {
			isa = XCBuildConfiguration;
			baseConfigurationReference = A3F5797436FD7E31D27569BE /* Pods-communityLifeUITests.release.xcconfig */;
			buildSettings = {
				ALWAYS_EMBED_SWIFT_STANDARD_LIBRARIES = YES;
				CODE_SIGN_STYLE = Automatic;
				DEVELOPMENT_TEAM = 64G55X8M4T;
				INFOPLIST_FILE = communityLifeUITests/Info.plist;
				LD_RUNPATH_SEARCH_PATHS = "$(inherited) @executable_path/Frameworks @loader_path/Frameworks";
				PRODUCT_BUNDLE_IDENTIFIER = com.InteractiveArts.communityLifeUITests;
				PRODUCT_NAME = "$(TARGET_NAME)";
				SWIFT_VERSION = 4.2;
				TARGETED_DEVICE_FAMILY = "1,2";
				TEST_TARGET_NAME = communityLife;
			};
			name = Release;
		};
/* End XCBuildConfiguration section */

/* Begin XCConfigurationList section */
		942145A3225B678900641D37 /* Build configuration list for PBXProject "communityLife" */ = {
			isa = XCConfigurationList;
			buildConfigurations = (
				942145D0225B678B00641D37 /* Debug */,
				942145D1225B678B00641D37 /* Release */,
			);
			defaultConfigurationIsVisible = 0;
			defaultConfigurationName = Release;
		};
		942145D2225B678B00641D37 /* Build configuration list for PBXNativeTarget "communityLife" */ = {
			isa = XCConfigurationList;
			buildConfigurations = (
				942145D3225B678B00641D37 /* Debug */,
				942145D4225B678B00641D37 /* Release */,
			);
			defaultConfigurationIsVisible = 0;
			defaultConfigurationName = Release;
		};
		942145D5225B678B00641D37 /* Build configuration list for PBXNativeTarget "communityLifeTests" */ = {
			isa = XCConfigurationList;
			buildConfigurations = (
				942145D6225B678B00641D37 /* Debug */,
				942145D7225B678B00641D37 /* Release */,
			);
			defaultConfigurationIsVisible = 0;
			defaultConfigurationName = Release;
		};
		942145D8225B678B00641D37 /* Build configuration list for PBXNativeTarget "communityLifeUITests" */ = {
			isa = XCConfigurationList;
			buildConfigurations = (
				942145D9225B678B00641D37 /* Debug */,
				942145DA225B678B00641D37 /* Release */,
			);
			defaultConfigurationIsVisible = 0;
			defaultConfigurationName = Release;
		};
/* End XCConfigurationList section */
	};
	rootObject = 942145A0225B678900641D37 /* Project object */;
}
